// !$*UTF8*$!
{
	archiveVersion = 1;
	classes = {
	};
	objectVersion = 56;
	objects = {

/* Begin PBXBuildFile section */
		5FD1A4D82A0F037300916BEB /* AppDelegate.swift in Sources */ = {isa = PBXBuildFile; fileRef = 5FD1A4D72A0F037300916BEB /* AppDelegate.swift */; };
		5FD1A4DA2A0F037300916BEB /* SceneDelegate.swift in Sources */ = {isa = PBXBuildFile; fileRef = 5FD1A4D92A0F037300916BEB /* SceneDelegate.swift */; };
		5FD1A4E12A0F037500916BEB /* Assets.xcassets in Resources */ = {isa = PBXBuildFile; fileRef = 5FD1A4E02A0F037500916BEB /* Assets.xcassets */; };
		5FD1A4E42A0F037500916BEB /* LaunchScreen.storyboard in Resources */ = {isa = PBXBuildFile; fileRef = 5FD1A4E22A0F037500916BEB /* LaunchScreen.storyboard */; };
		5FD1A4FC2A0F161900916BEB /* LoginViewController.swift in Sources */ = {isa = PBXBuildFile; fileRef = 5FD1A4FB2A0F161900916BEB /* LoginViewController.swift */; };
		5FD1A4FF2A0F171A00916BEB /* ExtensionAnchors.swift in Sources */ = {isa = PBXBuildFile; fileRef = 5FD1A4FE2A0F171A00916BEB /* ExtensionAnchors.swift */; };
		5FD1A5012A0F173400916BEB /* ViewControllerPreview.swift in Sources */ = {isa = PBXBuildFile; fileRef = 5FD1A5002A0F173400916BEB /* ViewControllerPreview.swift */; };
		5FD1A5032A0F271300916BEB /* RegisterViewController.swift in Sources */ = {isa = PBXBuildFile; fileRef = 5FD1A5022A0F271300916BEB /* RegisterViewController.swift */; };
		5FD1A5052A0F2F1800916BEB /* LoginRegisterViewModel.swift in Sources */ = {isa = PBXBuildFile; fileRef = 5FD1A5042A0F2F1800916BEB /* LoginRegisterViewModel.swift */; };
		5FD1A5072A0F427E00916BEB /* GoogleService-Info.plist in Resources */ = {isa = PBXBuildFile; fileRef = 5FD1A5062A0F427E00916BEB /* GoogleService-Info.plist */; };
/* End PBXBuildFile section */

/* Begin PBXFileReference section */
		5FD1A4D42A0F037300916BEB /* WorkOutApp.app */ = {isa = PBXFileReference; explicitFileType = wrapper.application; includeInIndex = 0; path = WorkOutApp.app; sourceTree = BUILT_PRODUCTS_DIR; };
		5FD1A4D72A0F037300916BEB /* AppDelegate.swift */ = {isa = PBXFileReference; lastKnownFileType = sourcecode.swift; path = AppDelegate.swift; sourceTree = "<group>"; };
		5FD1A4D92A0F037300916BEB /* SceneDelegate.swift */ = {isa = PBXFileReference; lastKnownFileType = sourcecode.swift; path = SceneDelegate.swift; sourceTree = "<group>"; };
		5FD1A4E02A0F037500916BEB /* Assets.xcassets */ = {isa = PBXFileReference; lastKnownFileType = folder.assetcatalog; path = Assets.xcassets; sourceTree = "<group>"; };
		5FD1A4E32A0F037500916BEB /* Base */ = {isa = PBXFileReference; lastKnownFileType = file.storyboard; name = Base; path = Base.lproj/LaunchScreen.storyboard; sourceTree = "<group>"; };
		5FD1A4E52A0F037500916BEB /* Info.plist */ = {isa = PBXFileReference; lastKnownFileType = text.plist.xml; path = Info.plist; sourceTree = "<group>"; };
		5FD1A4FB2A0F161900916BEB /* LoginViewController.swift */ = {isa = PBXFileReference; lastKnownFileType = sourcecode.swift; path = LoginViewController.swift; sourceTree = "<group>"; };
		5FD1A4FE2A0F171A00916BEB /* ExtensionAnchors.swift */ = {isa = PBXFileReference; lastKnownFileType = sourcecode.swift; path = ExtensionAnchors.swift; sourceTree = "<group>"; };
		5FD1A5002A0F173400916BEB /* ViewControllerPreview.swift */ = {isa = PBXFileReference; lastKnownFileType = sourcecode.swift; path = ViewControllerPreview.swift; sourceTree = "<group>"; };
		5FD1A5022A0F271300916BEB /* RegisterViewController.swift */ = {isa = PBXFileReference; lastKnownFileType = sourcecode.swift; path = RegisterViewController.swift; sourceTree = "<group>"; };
		5FD1A5042A0F2F1800916BEB /* LoginRegisterViewModel.swift */ = {isa = PBXFileReference; lastKnownFileType = sourcecode.swift; path = LoginRegisterViewModel.swift; sourceTree = "<group>"; };
		5FD1A5062A0F427E00916BEB /* GoogleService-Info.plist */ = {isa = PBXFileReference; lastKnownFileType = text.plist; path = "GoogleService-Info.plist"; sourceTree = SOURCE_ROOT; };
/* End PBXFileReference section */

/* Begin PBXFrameworksBuildPhase section */
		5FD1A4D12A0F037300916BEB /* Frameworks */ = {
			isa = PBXFrameworksBuildPhase;
			buildActionMask = 2147483647;
			files = (
			);
			runOnlyForDeploymentPostprocessing = 0;
		};
/* End PBXFrameworksBuildPhase section */

/* Begin PBXGroup section */
		5FD1A4CB2A0F037300916BEB = {
			isa = PBXGroup;
			children = (
				5FD1A4D62A0F037300916BEB /* WorkOutApp */,
				5FD1A4D52A0F037300916BEB /* Products */,
			);
			sourceTree = "<group>";
		};
		5FD1A4D52A0F037300916BEB /* Products */ = {
			isa = PBXGroup;
			children = (
				5FD1A4D42A0F037300916BEB /* WorkOutApp.app */,
			);
			name = Products;
			sourceTree = "<group>";
		};
		5FD1A4D62A0F037300916BEB /* WorkOutApp */ = {
			isa = PBXGroup;
			children = (
				5FD1A4D72A0F037300916BEB /* AppDelegate.swift */,
				5FD1A4D92A0F037300916BEB /* SceneDelegate.swift */,
				5FD1A4F62A0F15C300916BEB /* Login */,
				5FD1A4EB2A0F03F200916BEB /* Workout */,
				5FD1A4F12A0F054E00916BEB /* Exercises */,
				5FD1A4FD2A0F16D400916BEB /* Helpers */,
				5FD1A4E02A0F037500916BEB /* Assets.xcassets */,
				5FD1A4E22A0F037500916BEB /* LaunchScreen.storyboard */,
				5FD1A4E52A0F037500916BEB /* Info.plist */,
				5FD1A5062A0F427E00916BEB /* GoogleService-Info.plist */,
			);
			path = WorkOutApp;
			sourceTree = "<group>";
		};
		5FD1A4EB2A0F03F200916BEB /* Workout */ = {
			isa = PBXGroup;
			children = (
				5FD1A4EC2A0F04DB00916BEB /* Model */,
				5FD1A4ED2A0F04E600916BEB /* View */,
				5FD1A4EF2A0F04F900916BEB /* Controller */,
				5FD1A4F02A0F050300916BEB /* ViewModel */,
			);
			path = Workout;
			sourceTree = "<group>";
		};
		5FD1A4EC2A0F04DB00916BEB /* Model */ = {
			isa = PBXGroup;
			children = (
			);
			path = Model;
			sourceTree = "<group>";
		};
		5FD1A4ED2A0F04E600916BEB /* View */ = {
			isa = PBXGroup;
			children = (
			);
			path = View;
			sourceTree = "<group>";
		};
		5FD1A4EF2A0F04F900916BEB /* Controller */ = {
			isa = PBXGroup;
			children = (
			);
			path = Controller;
			sourceTree = "<group>";
		};
		5FD1A4F02A0F050300916BEB /* ViewModel */ = {
			isa = PBXGroup;
			children = (
			);
			path = ViewModel;
			sourceTree = "<group>";
		};
		5FD1A4F12A0F054E00916BEB /* Exercises */ = {
			isa = PBXGroup;
			children = (
				5FD1A4F22A0F056600916BEB /* Model */,
				5FD1A4F32A0F056B00916BEB /* View */,
				5FD1A4F42A0F057200916BEB /* Controller */,
				5FD1A4F52A0F057A00916BEB /* ViewModel */,
			);
			path = Exercises;
			sourceTree = "<group>";
		};
		5FD1A4F22A0F056600916BEB /* Model */ = {
			isa = PBXGroup;
			children = (
			);
			path = Model;
			sourceTree = "<group>";
		};
		5FD1A4F32A0F056B00916BEB /* View */ = {
			isa = PBXGroup;
			children = (
			);
			path = View;
			sourceTree = "<group>";
		};
		5FD1A4F42A0F057200916BEB /* Controller */ = {
			isa = PBXGroup;
			children = (
			);
			path = Controller;
			sourceTree = "<group>";
		};
		5FD1A4F52A0F057A00916BEB /* ViewModel */ = {
			isa = PBXGroup;
			children = (
			);
			path = ViewModel;
			sourceTree = "<group>";
		};
		5FD1A4F62A0F15C300916BEB /* Login */ = {
			isa = PBXGroup;
			children = (
				5FD1A4FA2A0F15F100916BEB /* Model */,
				5FD1A4F92A0F15ED00916BEB /* View */,
				5FD1A4F82A0F15E400916BEB /* Controller */,
				5FD1A4F72A0F15DB00916BEB /* ViewModel */,
			);
			path = Login;
			sourceTree = "<group>";
		};
		5FD1A4F72A0F15DB00916BEB /* ViewModel */ = {
			isa = PBXGroup;
			children = (
				5FD1A5042A0F2F1800916BEB /* LoginRegisterViewModel.swift */,
			);
			path = ViewModel;
			sourceTree = "<group>";
		};
		5FD1A4F82A0F15E400916BEB /* Controller */ = {
			isa = PBXGroup;
			children = (
				5FD1A4FB2A0F161900916BEB /* LoginViewController.swift */,
				5FD1A5022A0F271300916BEB /* RegisterViewController.swift */,
			);
			path = Controller;
			sourceTree = "<group>";
		};
		5FD1A4F92A0F15ED00916BEB /* View */ = {
			isa = PBXGroup;
			children = (
			);
			path = View;
			sourceTree = "<group>";
		};
		5FD1A4FA2A0F15F100916BEB /* Model */ = {
			isa = PBXGroup;
			children = (
			);
			path = Model;
			sourceTree = "<group>";
		};
		5FD1A4FD2A0F16D400916BEB /* Helpers */ = {
			isa = PBXGroup;
			children = (
				5FD1A4FE2A0F171A00916BEB /* ExtensionAnchors.swift */,
				5FD1A5002A0F173400916BEB /* ViewControllerPreview.swift */,
			);
			path = Helpers;
			sourceTree = "<group>";
		};
/* End PBXGroup section */

/* Begin PBXNativeTarget section */
		5FD1A4D32A0F037300916BEB /* WorkOutApp */ = {
			isa = PBXNativeTarget;
			buildConfigurationList = 5FD1A4E82A0F037500916BEB /* Build configuration list for PBXNativeTarget "WorkOutApp" */;
			buildPhases = (
				5FD1A4D02A0F037300916BEB /* Sources */,
				5FD1A4D12A0F037300916BEB /* Frameworks */,
				5FD1A4D22A0F037300916BEB /* Resources */,
			);
			buildRules = (
			);
			dependencies = (
			);
			name = WorkOutApp;
			productName = WorkOutApp;
			productReference = 5FD1A4D42A0F037300916BEB /* WorkOutApp.app */;
			productType = "com.apple.product-type.application";
		};
/* End PBXNativeTarget section */

/* Begin PBXProject section */
		5FD1A4CC2A0F037300916BEB /* Project object */ = {
			isa = PBXProject;
			attributes = {
				BuildIndependentTargetsInParallel = 1;
				LastSwiftUpdateCheck = 1430;
				LastUpgradeCheck = 1430;
				TargetAttributes = {
					5FD1A4D32A0F037300916BEB = {
						CreatedOnToolsVersion = 14.3;
					};
				};
			};
			buildConfigurationList = 5FD1A4CF2A0F037300916BEB /* Build configuration list for PBXProject "WorkOutApp" */;
			compatibilityVersion = "Xcode 14.0";
			developmentRegion = en;
			hasScannedForEncodings = 0;
			knownRegions = (
				en,
				Base,
			);
			mainGroup = 5FD1A4CB2A0F037300916BEB;
			productRefGroup = 5FD1A4D52A0F037300916BEB /* Products */;
			projectDirPath = "";
			projectRoot = "";
			targets = (
				5FD1A4D32A0F037300916BEB /* WorkOutApp */,
			);
		};
/* End PBXProject section */

/* Begin PBXResourcesBuildPhase section */
		5FD1A4D22A0F037300916BEB /* Resources */ = {
			isa = PBXResourcesBuildPhase;
			buildActionMask = 2147483647;
			files = (
				5FD1A4E42A0F037500916BEB /* LaunchScreen.storyboard in Resources */,
				5FD1A4E12A0F037500916BEB /* Assets.xcassets in Resources */,
				5FD1A5072A0F427E00916BEB /* GoogleService-Info.plist in Resources */,
			);
			runOnlyForDeploymentPostprocessing = 0;
		};
/* End PBXResourcesBuildPhase section */

/* Begin PBXSourcesBuildPhase section */
		5FD1A4D02A0F037300916BEB /* Sources */ = {
			isa = PBXSourcesBuildPhase;
			buildActionMask = 2147483647;
			files = (
				5FD1A4FF2A0F171A00916BEB /* ExtensionAnchors.swift in Sources */,
				5FD1A5012A0F173400916BEB /* ViewControllerPreview.swift in Sources */,
				5FD1A4FC2A0F161900916BEB /* LoginViewController.swift in Sources */,
				5FD1A5032A0F271300916BEB /* RegisterViewController.swift in Sources */,
				5FD1A5052A0F2F1800916BEB /* LoginRegisterViewModel.swift in Sources */,
				5FD1A4D82A0F037300916BEB /* AppDelegate.swift in Sources */,
				5FD1A4DA2A0F037300916BEB /* SceneDelegate.swift in Sources */,
			);
			runOnlyForDeploymentPostprocessing = 0;
		};
/* End PBXSourcesBuildPhase section */

/* Begin PBXVariantGroup section */
		5FD1A4E22A0F037500916BEB /* LaunchScreen.storyboard */ = {
			isa = PBXVariantGroup;
			children = (
				5FD1A4E32A0F037500916BEB /* Base */,
			);
			name = LaunchScreen.storyboard;
			sourceTree = "<group>";
		};
/* End PBXVariantGroup section */

/* Begin XCBuildConfiguration section */
		5FD1A4E62A0F037500916BEB /* Debug */ = {
			isa = XCBuildConfiguration;
			buildSettings = {
				ALWAYS_SEARCH_USER_PATHS = NO;
				CLANG_ANALYZER_NONNULL = YES;
				CLANG_ANALYZER_NUMBER_OBJECT_CONVERSION = YES_AGGRESSIVE;
				CLANG_CXX_LANGUAGE_STANDARD = "gnu++20";
				CLANG_ENABLE_MODULES = YES;
				CLANG_ENABLE_OBJC_ARC = YES;
				CLANG_ENABLE_OBJC_WEAK = YES;
				CLANG_WARN_BLOCK_CAPTURE_AUTORELEASING = YES;
				CLANG_WARN_BOOL_CONVERSION = YES;
				CLANG_WARN_COMMA = YES;
				CLANG_WARN_CONSTANT_CONVERSION = YES;
				CLANG_WARN_DEPRECATED_OBJC_IMPLEMENTATIONS = YES;
				CLANG_WARN_DIRECT_OBJC_ISA_USAGE = YES_ERROR;
				CLANG_WARN_DOCUMENTATION_COMMENTS = YES;
				CLANG_WARN_EMPTY_BODY = YES;
				CLANG_WARN_ENUM_CONVERSION = YES;
				CLANG_WARN_INFINITE_RECURSION = YES;
				CLANG_WARN_INT_CONVERSION = YES;
				CLANG_WARN_NON_LITERAL_NULL_CONVERSION = YES;
				CLANG_WARN_OBJC_IMPLICIT_RETAIN_SELF = YES;
				CLANG_WARN_OBJC_LITERAL_CONVERSION = YES;
				CLANG_WARN_OBJC_ROOT_CLASS = YES_ERROR;
				CLANG_WARN_QUOTED_INCLUDE_IN_FRAMEWORK_HEADER = YES;
				CLANG_WARN_RANGE_LOOP_ANALYSIS = YES;
				CLANG_WARN_STRICT_PROTOTYPES = YES;
				CLANG_WARN_SUSPICIOUS_MOVE = YES;
				CLANG_WARN_UNGUARDED_AVAILABILITY = YES_AGGRESSIVE;
				CLANG_WARN_UNREACHABLE_CODE = YES;
				CLANG_WARN__DUPLICATE_METHOD_MATCH = YES;
				COPY_PHASE_STRIP = NO;
				DEBUG_INFORMATION_FORMAT = dwarf;
				ENABLE_STRICT_OBJC_MSGSEND = YES;
				ENABLE_TESTABILITY = YES;
				GCC_C_LANGUAGE_STANDARD = gnu11;
				GCC_DYNAMIC_NO_PIC = NO;
				GCC_NO_COMMON_BLOCKS = YES;
				GCC_OPTIMIZATION_LEVEL = 0;
				GCC_PREPROCESSOR_DEFINITIONS = (
					"DEBUG=1",
					"$(inherited)",
				);
				GCC_WARN_64_TO_32_BIT_CONVERSION = YES;
				GCC_WARN_ABOUT_RETURN_TYPE = YES_ERROR;
				GCC_WARN_UNDECLARED_SELECTOR = YES;
				GCC_WARN_UNINITIALIZED_AUTOS = YES_AGGRESSIVE;
				GCC_WARN_UNUSED_FUNCTION = YES;
				GCC_WARN_UNUSED_VARIABLE = YES;
				IPHONEOS_DEPLOYMENT_TARGET = 16.4;
				MTL_ENABLE_DEBUG_INFO = INCLUDE_SOURCE;
				MTL_FAST_MATH = YES;
				ONLY_ACTIVE_ARCH = YES;
				SDKROOT = iphoneos;
				SWIFT_ACTIVE_COMPILATION_CONDITIONS = DEBUG;
				SWIFT_OPTIMIZATION_LEVEL = "-Onone";
			};
			name = Debug;
		};
		5FD1A4E72A0F037500916BEB /* Release */ = {
			isa = XCBuildConfiguration;
			buildSettings = {
				ALWAYS_SEARCH_USER_PATHS = NO;
				CLANG_ANALYZER_NONNULL = YES;
				CLANG_ANALYZER_NUMBER_OBJECT_CONVERSION = YES_AGGRESSIVE;
				CLANG_CXX_LANGUAGE_STANDARD = "gnu++20";
				CLANG_ENABLE_MODULES = YES;
				CLANG_ENABLE_OBJC_ARC = YES;
				CLANG_ENABLE_OBJC_WEAK = YES;
				CLANG_WARN_BLOCK_CAPTURE_AUTORELEASING = YES;
				CLANG_WARN_BOOL_CONVERSION = YES;
				CLANG_WARN_COMMA = YES;
				CLANG_WARN_CONSTANT_CONVERSION = YES;
				CLANG_WARN_DEPRECATED_OBJC_IMPLEMENTATIONS = YES;
				CLANG_WARN_DIRECT_OBJC_ISA_USAGE = YES_ERROR;
				CLANG_WARN_DOCUMENTATION_COMMENTS = YES;
				CLANG_WARN_EMPTY_BODY = YES;
				CLANG_WARN_ENUM_CONVERSION = YES;
				CLANG_WARN_INFINITE_RECURSION = YES;
				CLANG_WARN_INT_CONVERSION = YES;
				CLANG_WARN_NON_LITERAL_NULL_CONVERSION = YES;
				CLANG_WARN_OBJC_IMPLICIT_RETAIN_SELF = YES;
				CLANG_WARN_OBJC_LITERAL_CONVERSION = YES;
				CLANG_WARN_OBJC_ROOT_CLASS = YES_ERROR;
				CLANG_WARN_QUOTED_INCLUDE_IN_FRAMEWORK_HEADER = YES;
				CLANG_WARN_RANGE_LOOP_ANALYSIS = YES;
				CLANG_WARN_STRICT_PROTOTYPES = YES;
				CLANG_WARN_SUSPICIOUS_MOVE = YES;
				CLANG_WARN_UNGUARDED_AVAILABILITY = YES_AGGRESSIVE;
				CLANG_WARN_UNREACHABLE_CODE = YES;
				CLANG_WARN__DUPLICATE_METHOD_MATCH = YES;
				COPY_PHASE_STRIP = NO;
				DEBUG_INFORMATION_FORMAT = "dwarf-with-dsym";
				ENABLE_NS_ASSERTIONS = NO;
				ENABLE_STRICT_OBJC_MSGSEND = YES;
				GCC_C_LANGUAGE_STANDARD = gnu11;
				GCC_NO_COMMON_BLOCKS = YES;
				GCC_WARN_64_TO_32_BIT_CONVERSION = YES;
				GCC_WARN_ABOUT_RETURN_TYPE = YES_ERROR;
				GCC_WARN_UNDECLARED_SELECTOR = YES;
				GCC_WARN_UNINITIALIZED_AUTOS = YES_AGGRESSIVE;
				GCC_WARN_UNUSED_FUNCTION = YES;
				GCC_WARN_UNUSED_VARIABLE = YES;
				IPHONEOS_DEPLOYMENT_TARGET = 16.4;
				MTL_ENABLE_DEBUG_INFO = NO;
				MTL_FAST_MATH = YES;
				SDKROOT = iphoneos;
				SWIFT_COMPILATION_MODE = wholemodule;
				SWIFT_OPTIMIZATION_LEVEL = "-O";
				VALIDATE_PRODUCT = YES;
			};
			name = Release;
		};
		5FD1A4E92A0F037500916BEB /* Debug */ = {
			isa = XCBuildConfiguration;
			buildSettings = {
				ASSETCATALOG_COMPILER_APPICON_NAME = AppIcon;
				ASSETCATALOG_COMPILER_GLOBAL_ACCENT_COLOR_NAME = AccentColor;
				CODE_SIGN_STYLE = Automatic;
				CURRENT_PROJECT_VERSION = 1;
				DEVELOPMENT_TEAM = FY7AU3KGUV;
				GENERATE_INFOPLIST_FILE = YES;
				INFOPLIST_FILE = WorkOutApp/Info.plist;
				INFOPLIST_KEY_UIApplicationSupportsIndirectInputEvents = YES;
				INFOPLIST_KEY_UILaunchStoryboardName = LaunchScreen;
				INFOPLIST_KEY_UISupportedInterfaceOrientations_iPad = "UIInterfaceOrientationPortrait UIInterfaceOrientationPortraitUpsideDown UIInterfaceOrientationLandscapeLeft UIInterfaceOrientationLandscapeRight";
				INFOPLIST_KEY_UISupportedInterfaceOrientations_iPhone = "UIInterfaceOrientationPortrait UIInterfaceOrientationLandscapeLeft UIInterfaceOrientationLandscapeRight";
				LD_RUNPATH_SEARCH_PATHS = (
					"$(inherited)",
					"@executable_path/Frameworks",
				);
				MARKETING_VERSION = 1.0;
				PRODUCT_BUNDLE_IDENTIFIER = joao.apps.WorkOutApp;
				PRODUCT_NAME = "$(TARGET_NAME)";
				SUPPORTED_PLATFORMS = "iphoneos iphonesimulator";
				SUPPORTS_MACCATALYST = NO;
				SUPPORTS_MAC_DESIGNED_FOR_IPHONE_IPAD = NO;
				SWIFT_EMIT_LOC_STRINGS = YES;
				SWIFT_VERSION = 5.0;
				TARGETED_DEVICE_FAMILY = 1;
			};
			name = Debug;
		};
		5FD1A4EA2A0F037500916BEB /* Release */ = {
			isa = XCBuildConfiguration;
			buildSettings = {
				ASSETCATALOG_COMPILER_APPICON_NAME = AppIcon;
				ASSETCATALOG_COMPILER_GLOBAL_ACCENT_COLOR_NAME = AccentColor;
				CODE_SIGN_STYLE = Automatic;
				CURRENT_PROJECT_VERSION = 1;
				DEVELOPMENT_TEAM = FY7AU3KGUV;
				GENERATE_INFOPLIST_FILE = YES;
				INFOPLIST_FILE = WorkOutApp/Info.plist;
				INFOPLIST_KEY_UIApplicationSupportsIndirectInputEvents = YES;
				INFOPLIST_KEY_UILaunchStoryboardName = LaunchScreen;
				INFOPLIST_KEY_UISupportedInterfaceOrientations_iPad = "UIInterfaceOrientationPortrait UIInterfaceOrientationPortraitUpsideDown UIInterfaceOrientationLandscapeLeft UIInterfaceOrientationLandscapeRight";
				INFOPLIST_KEY_UISupportedInterfaceOrientations_iPhone = "UIInterfaceOrientationPortrait UIInterfaceOrientationLandscapeLeft UIInterfaceOrientationLandscapeRight";
				LD_RUNPATH_SEARCH_PATHS = (
					"$(inherited)",
					"@executable_path/Frameworks",
				);
				MARKETING_VERSION = 1.0;
				PRODUCT_BUNDLE_IDENTIFIER = joao.apps.WorkOutApp;
				PRODUCT_NAME = "$(TARGET_NAME)";
				SUPPORTED_PLATFORMS = "iphoneos iphonesimulator";
				SUPPORTS_MACCATALYST = NO;
				SUPPORTS_MAC_DESIGNED_FOR_IPHONE_IPAD = NO;
				SWIFT_EMIT_LOC_STRINGS = YES;
				SWIFT_VERSION = 5.0;
				TARGETED_DEVICE_FAMILY = 1;
			};
			name = Release;
		};
/* End XCBuildConfiguration section */

/* Begin XCConfigurationList section */
		5FD1A4CF2A0F037300916BEB /* Build configuration list for PBXProject "WorkOutApp" */ = {
			isa = XCConfigurationList;
			buildConfigurations = (
				5FD1A4E62A0F037500916BEB /* Debug */,
				5FD1A4E72A0F037500916BEB /* Release */,
			);
			defaultConfigurationIsVisible = 0;
			defaultConfigurationName = Release;
		};
		5FD1A4E82A0F037500916BEB /* Build configuration list for PBXNativeTarget "WorkOutApp" */ = {
			isa = XCConfigurationList;
			buildConfigurations = (
				5FD1A4E92A0F037500916BEB /* Debug */,
				5FD1A4EA2A0F037500916BEB /* Release */,
			);
			defaultConfigurationIsVisible = 0;
			defaultConfigurationName = Release;
		};
/* End XCConfigurationList section */
	};
	rootObject = 5FD1A4CC2A0F037300916BEB /* Project object */;
}
